{
  "name": "2f7e7bff16d1c534",
  "lockfileVersion": 3,
  "requires": true,
  "packages": {
    "": {
      "dependencies": {
        "create-vue": "^3.21.1"
      }
    },
    "node_modules/create-vue": {
      "version": "3.21.1",
      "resolved": "https://registry.npmjs.org/create-vue/-/create-vue-3.21.1.tgz",
      "integrity": "sha512-xEPglO5h3jTddX6qXGL+mRDr57M5a6wRqt5MbxcWQBXHOeb95YN+I841wWNB/X8y6/jIobctAP9uuH/unimNjg==",
      "license": "MIT",
      "bin": {
        "create-vue": "bundle.js"
      },
      "engines": {
        "node": "^20.19.0 || >=22.12.0"
      }
    }
  }
}
